
Microsoft Visual Studio Solution File, Format Version 12.00
# Visual Studio Version 16
VisualStudioVersion = 16.0.30907.101
MinimumVisualStudioVersion = 10.0.40219.1
Project("{FAE04EC0-301F-11D3-BF4B-00C04F79EFBC}") = "colorPiker", "colorPiker.csproj", "{83AF471E-227C-4115-8184-3E27BD4CD1FD}"
EndProject
Global
	GlobalSection(SolutionConfigurationPlatforms) = preSolution
		Debug|Any CPU = Debug|Any CPU
		Release|Any CPU = Release|Any CPU
	EndGlobalSection
	GlobalSection(ProjectConfigurationPlatforms) = postSolution
		{83AF471E-227C-4115-8184-3E27BD4CD1FD}.Debug|Any CPU.ActiveCfg = Debug|Any CPU
		{83AF471E-227C-4115-8184-3E27BD4CD1FD}.Debug|Any CPU.Build.0 = Debug|Any CPU
		{83AF471E-227C-4115-8184-3E27BD4CD1FD}.Release|Any CPU.ActiveCfg = Release|Any CPU
		{83AF471E-227C-4115-8184-3E27BD4CD1FD}.Release|Any CPU.Build.0 = Release|Any CPU
	EndGlobalSection
	GlobalSection(SolutionProperties) = preSolution
		HideSolutionNode = FALSE
	EndGlobalSection
	GlobalSection(ExtensibilityGlobals) = postSolution
		SolutionGuid = {8F59565A-6836-412D-9C75-57BF959D61D5}
	EndGlobalSection
EndGlobal
